
Microsoft Visual Studio Solution File, Format Version 12.00
# Visual Studio Version 16
VisualStudioVersion = 16.0.29709.97
MinimumVisualStudioVersion = 10.0.40219.1
Project("{FAE04EC0-301F-11D3-BF4B-00C04F79EFBC}") = "Iterative Statement", "Iterative Statement.csproj", "{99CBAA14-3D36-409D-AF8A-1FC56FC88E15}"
EndProject
Global
	GlobalSection(SolutionConfigurationPlatforms) = preSolution
		Debug|Any CPU = Debug|Any CPU
		Release|Any CPU = Release|Any CPU
	EndGlobalSection
	GlobalSection(ProjectConfigurationPlatforms) = postSolution
		{99CBAA14-3D36-409D-AF8A-1FC56FC88E15}.Debug|Any CPU.ActiveCfg = Debug|Any CPU
		{99CBAA14-3D36-409D-AF8A-1FC56FC88E15}.Debug|Any CPU.Build.0 = Debug|Any CPU
		{99CBAA14-3D36-409D-AF8A-1FC56FC88E15}.Release|Any CPU.ActiveCfg = Release|Any CPU
		{99CBAA14-3D36-409D-AF8A-1FC56FC88E15}.Release|Any CPU.Build.0 = Release|Any CPU
	EndGlobalSection
	GlobalSection(SolutionProperties) = preSolution
		HideSolutionNode = FALSE
	EndGlobalSection
	GlobalSection(ExtensibilityGlobals) = postSolution
		SolutionGuid = {F16E5DC7-274A-49C7-9A92-7094FA1DB576}
	EndGlobalSection
EndGlobal
